
Microsoft Visual Studio Solution File, Format Version 12.00
# Visual Studio 2013
VisualStudioVersion = 12.0.21005.1
MinimumVisualStudioVersion = 10.0.40219.1
Project("{FAE04EC0-301F-11D3-BF4B-00C04F79EFBC}") = "Day4", "CoderCampsV\Day4.csproj", "{91F11C0A-72A5-4CC5-8DDF-7555528AD262}"
EndProject
Project("{E24C65DC-7377-472B-9ABA-BC803B73C61A}") = "Day5", "http://localhost:26195", "{ACF76204-06F9-4D60-80FC-C9302C4096E5}"
	ProjectSection(WebsiteProperties) = preProject
		UseIISExpress = "true"
		TargetFrameworkMoniker = ".NETFramework,Version%3Dv4.5"
		Debug.AspNetCompiler.VirtualPath = "/localhost_26195"
		Debug.AspNetCompiler.PhysicalPath = "..\..\..\Visual Studio 2013\WebSites\Day5\"
		Debug.AspNetCompiler.TargetPath = "PrecompiledWeb\localhost_26195\"
		Debug.AspNetCompiler.Updateable = "true"
		Debug.AspNetCompiler.ForceOverwrite = "true"
		Debug.AspNetCompiler.FixedNames = "false"
		Debug.AspNetCompiler.Debug = "True"
		Release.AspNetCompiler.VirtualPath = "/localhost_26195"
		Release.AspNetCompiler.PhysicalPath = "..\..\..\Visual Studio 2013\WebSites\Day5\"
		Release.AspNetCompiler.TargetPath = "PrecompiledWeb\localhost_26195\"
		Release.AspNetCompiler.Updateable = "true"
		Release.AspNetCompiler.ForceOverwrite = "true"
		Release.AspNetCompiler.FixedNames = "false"
		Release.AspNetCompiler.Debug = "False"
		SlnRelativePath = "..\..\..\Visual Studio 2013\WebSites\Day5\"
		DefaultWebSiteLanguage = "Visual C#"
	EndProjectSection
EndProject
Project("{E24C65DC-7377-472B-9ABA-BC803B73C61A}") = "DayOne", "http://localhost:1723", "{61DEC9BE-0928-4902-AF3C-299F54925359}"
	ProjectSection(WebsiteProperties) = preProject
		UseIISExpress = "true"
		TargetFrameworkMoniker = ".NETFramework,Version%3Dv4.5.2"
		Debug.AspNetCompiler.VirtualPath = "/localhost_1723"
		Debug.AspNetCompiler.PhysicalPath = "..\..\WebSites\DayOne\"
		Debug.AspNetCompiler.TargetPath = "PrecompiledWeb\localhost_1723\"
		Debug.AspNetCompiler.Updateable = "true"
		Debug.AspNetCompiler.ForceOverwrite = "true"
		Debug.AspNetCompiler.FixedNames = "false"
		Debug.AspNetCompiler.Debug = "True"
		Release.AspNetCompiler.VirtualPath = "/localhost_1723"
		Release.AspNetCompiler.PhysicalPath = "..\..\WebSites\DayOne\"
		Release.AspNetCompiler.TargetPath = "PrecompiledWeb\localhost_1723\"
		Release.AspNetCompiler.Updateable = "true"
		Release.AspNetCompiler.ForceOverwrite = "true"
		Release.AspNetCompiler.FixedNames = "false"
		Release.AspNetCompiler.Debug = "False"
		SlnRelativePath = "..\..\WebSites\DayOne\"
	EndProjectSection
EndProject
Project("{E24C65DC-7377-472B-9ABA-BC803B73C61A}") = "DayTwo", "http://localhost:17709", "{40C52E46-5CB1-4140-9D49-EC41735C10E9}"
	ProjectSection(WebsiteProperties) = preProject
		UseIISExpress = "true"
		TargetFrameworkMoniker = ".NETFramework,Version%3Dv4.5.2"
		Debug.AspNetCompiler.VirtualPath = "/localhost_17709"
		Debug.AspNetCompiler.PhysicalPath = "..\..\WebSites\DayTwo\"
		Debug.AspNetCompiler.TargetPath = "PrecompiledWeb\localhost_17709\"
		Debug.AspNetCompiler.Updateable = "true"
		Debug.AspNetCompiler.ForceOverwrite = "true"
		Debug.AspNetCompiler.FixedNames = "false"
		Debug.AspNetCompiler.Debug = "True"
		Release.AspNetCompiler.VirtualPath = "/localhost_17709"
		Release.AspNetCompiler.PhysicalPath = "..\..\WebSites\DayTwo\"
		Release.AspNetCompiler.TargetPath = "PrecompiledWeb\localhost_17709\"
		Release.AspNetCompiler.Updateable = "true"
		Release.AspNetCompiler.ForceOverwrite = "true"
		Release.AspNetCompiler.FixedNames = "false"
		Release.AspNetCompiler.Debug = "False"
		SlnRelativePath = "..\..\WebSites\DayTwo\"
	EndProjectSection
EndProject
Project("{E24C65DC-7377-472B-9ABA-BC803B73C61A}") = "DayThree", "http://localhost:9184", "{2C3D4349-C0B1-4691-9BD4-A3D782A8472D}"
	ProjectSection(WebsiteProperties) = preProject
		UseIISExpress = "true"
		TargetFrameworkMoniker = ".NETFramework,Version%3Dv4.5.2"
		Debug.AspNetCompiler.VirtualPath = "/localhost_9184"
		Debug.AspNetCompiler.PhysicalPath = "..\..\WebSites\DayThree\"
		Debug.AspNetCompiler.TargetPath = "PrecompiledWeb\localhost_9184\"
		Debug.AspNetCompiler.Updateable = "true"
		Debug.AspNetCompiler.ForceOverwrite = "true"
		Debug.AspNetCompiler.FixedNames = "false"
		Debug.AspNetCompiler.Debug = "True"
		Release.AspNetCompiler.VirtualPath = "/localhost_9184"
		Release.AspNetCompiler.PhysicalPath = "..\..\WebSites\DayThree\"
		Release.AspNetCompiler.TargetPath = "PrecompiledWeb\localhost_9184\"
		Release.AspNetCompiler.Updateable = "true"
		Release.AspNetCompiler.ForceOverwrite = "true"
		Release.AspNetCompiler.FixedNames = "false"
		Release.AspNetCompiler.Debug = "False"
		SlnRelativePath = "..\..\WebSites\DayThree\"
	EndProjectSection
EndProject
Project("{E24C65DC-7377-472B-9ABA-BC803B73C61A}") = "Day6", "http://localhost:58391", "{ADF6A05C-F0D1-4125-A023-C141A48E1945}"
	ProjectSection(WebsiteProperties) = preProject
		UseIISExpress = "true"
		TargetFrameworkMoniker = ".NETFramework,Version%3Dv4.5"
		Debug.AspNetCompiler.VirtualPath = "/localhost_58391"
		Debug.AspNetCompiler.PhysicalPath = "..\..\..\Visual Studio 2013\WebSites\Day6\"
		Debug.AspNetCompiler.TargetPath = "PrecompiledWeb\localhost_58391\"
		Debug.AspNetCompiler.Updateable = "true"
		Debug.AspNetCompiler.ForceOverwrite = "true"
		Debug.AspNetCompiler.FixedNames = "false"
		Debug.AspNetCompiler.Debug = "True"
		Release.AspNetCompiler.VirtualPath = "/localhost_58391"
		Release.AspNetCompiler.PhysicalPath = "..\..\..\Visual Studio 2013\WebSites\Day6\"
		Release.AspNetCompiler.TargetPath = "PrecompiledWeb\localhost_58391\"
		Release.AspNetCompiler.Updateable = "true"
		Release.AspNetCompiler.ForceOverwrite = "true"
		Release.AspNetCompiler.FixedNames = "false"
		Release.AspNetCompiler.Debug = "False"
		SlnRelativePath = "..\..\..\Visual Studio 2013\WebSites\Day6\"
		DefaultWebSiteLanguage = "Visual C#"
	EndProjectSection
EndProject
Project("{E24C65DC-7377-472B-9ABA-BC803B73C61A}") = "Day7", "http://localhost:29087", "{EB846155-D33A-48EE-ACCC-A2DD0AA90B9E}"
	ProjectSection(WebsiteProperties) = preProject
		UseIISExpress = "true"
		TargetFrameworkMoniker = ".NETFramework,Version%3Dv4.5"
		Debug.AspNetCompiler.VirtualPath = "/localhost_29087"
		Debug.AspNetCompiler.PhysicalPath = "..\..\..\Visual Studio 2013\WebSites\Day7\"
		Debug.AspNetCompiler.TargetPath = "PrecompiledWeb\localhost_29087\"
		Debug.AspNetCompiler.Updateable = "true"
		Debug.AspNetCompiler.ForceOverwrite = "true"
		Debug.AspNetCompiler.FixedNames = "false"
		Debug.AspNetCompiler.Debug = "True"
		Release.AspNetCompiler.VirtualPath = "/localhost_29087"
		Release.AspNetCompiler.PhysicalPath = "..\..\..\Visual Studio 2013\WebSites\Day7\"
		Release.AspNetCompiler.TargetPath = "PrecompiledWeb\localhost_29087\"
		Release.AspNetCompiler.Updateable = "true"
		Release.AspNetCompiler.ForceOverwrite = "true"
		Release.AspNetCompiler.FixedNames = "false"
		Release.AspNetCompiler.Debug = "False"
		SlnRelativePath = "..\..\..\Visual Studio 2013\WebSites\Day7\"
		DefaultWebSiteLanguage = "Visual C#"
	EndProjectSection
EndProject
Project("{E24C65DC-7377-472B-9ABA-BC803B73C61A}") = "Day8_1", "http://localhost:3253", "{0998FDB7-D363-4586-A492-EF3C29BBFD30}"
	ProjectSection(WebsiteProperties) = preProject
		UseIISExpress = "true"
		TargetFrameworkMoniker = ".NETFramework,Version%3Dv4.5"
		Debug.AspNetCompiler.VirtualPath = "/localhost_3253"
		Debug.AspNetCompiler.PhysicalPath = "..\..\..\Visual Studio 2013\WebSites\Day8_1\"
		Debug.AspNetCompiler.TargetPath = "PrecompiledWeb\localhost_3253\"
		Debug.AspNetCompiler.Updateable = "true"
		Debug.AspNetCompiler.ForceOverwrite = "true"
		Debug.AspNetCompiler.FixedNames = "false"
		Debug.AspNetCompiler.Debug = "True"
		Release.AspNetCompiler.VirtualPath = "/localhost_3253"
		Release.AspNetCompiler.PhysicalPath = "..\..\..\Visual Studio 2013\WebSites\Day8_1\"
		Release.AspNetCompiler.TargetPath = "PrecompiledWeb\localhost_3253\"
		Release.AspNetCompiler.Updateable = "true"
		Release.AspNetCompiler.ForceOverwrite = "true"
		Release.AspNetCompiler.FixedNames = "false"
		Release.AspNetCompiler.Debug = "False"
		SlnRelativePath = "..\..\..\Visual Studio 2013\WebSites\Day8_1\"
		DefaultWebSiteLanguage = "Visual C#"
	EndProjectSection
EndProject
Project("{E24C65DC-7377-472B-9ABA-BC803B73C61A}") = "Day9", "http://localhost:1982", "{AE3F3497-B381-48D8-A9BB-7FA5177A84CC}"
	ProjectSection(WebsiteProperties) = preProject
		UseIISExpress = "true"
		TargetFrameworkMoniker = ".NETFramework,Version%3Dv4.5"
		Debug.AspNetCompiler.VirtualPath = "/localhost_1982"
		Debug.AspNetCompiler.PhysicalPath = "..\..\..\Visual Studio 2013\WebSites\Day9\"
		Debug.AspNetCompiler.TargetPath = "PrecompiledWeb\localhost_1982\"
		Debug.AspNetCompiler.Updateable = "true"
		Debug.AspNetCompiler.ForceOverwrite = "true"
		Debug.AspNetCompiler.FixedNames = "false"
		Debug.AspNetCompiler.Debug = "True"
		Release.AspNetCompiler.VirtualPath = "/localhost_1982"
		Release.AspNetCompiler.PhysicalPath = "..\..\..\Visual Studio 2013\WebSites\Day9\"
		Release.AspNetCompiler.TargetPath = "PrecompiledWeb\localhost_1982\"
		Release.AspNetCompiler.Updateable = "true"
		Release.AspNetCompiler.ForceOverwrite = "true"
		Release.AspNetCompiler.FixedNames = "false"
		Release.AspNetCompiler.Debug = "False"
		SlnRelativePath = "..\..\..\Visual Studio 2013\WebSites\Day9\"
		DefaultWebSiteLanguage = "Visual C#"
	EndProjectSection
EndProject
Project("{E24C65DC-7377-472B-9ABA-BC803B73C61A}") = "Day10", "http://localhost:5928", "{04778278-E276-4B9A-BDED-EA5680B7D826}"
	ProjectSection(WebsiteProperties) = preProject
		UseIISExpress = "true"
		TargetFrameworkMoniker = ".NETFramework,Version%3Dv4.5"
		Debug.AspNetCompiler.VirtualPath = "/localhost_5928"
		Debug.AspNetCompiler.PhysicalPath = "..\..\..\Visual Studio 2013\WebSites\Day10\"
		Debug.AspNetCompiler.TargetPath = "PrecompiledWeb\localhost_5928\"
		Debug.AspNetCompiler.Updateable = "true"
		Debug.AspNetCompiler.ForceOverwrite = "true"
		Debug.AspNetCompiler.FixedNames = "false"
		Debug.AspNetCompiler.Debug = "True"
		Release.AspNetCompiler.VirtualPath = "/localhost_5928"
		Release.AspNetCompiler.PhysicalPath = "..\..\..\Visual Studio 2013\WebSites\Day10\"
		Release.AspNetCompiler.TargetPath = "PrecompiledWeb\localhost_5928\"
		Release.AspNetCompiler.Updateable = "true"
		Release.AspNetCompiler.ForceOverwrite = "true"
		Release.AspNetCompiler.FixedNames = "false"
		Release.AspNetCompiler.Debug = "False"
		SlnRelativePath = "..\..\..\Visual Studio 2013\WebSites\Day10\"
		DefaultWebSiteLanguage = "Visual C#"
	EndProjectSection
EndProject
Project("{E24C65DC-7377-472B-9ABA-BC803B73C61A}") = "Day11", "http://localhost:3319", "{06B0A24E-D7AE-409A-AADD-4840DAD84527}"
	ProjectSection(WebsiteProperties) = preProject
		UseIISExpress = "true"
		TargetFrameworkMoniker = ".NETFramework,Version%3Dv4.5"
		Debug.AspNetCompiler.VirtualPath = "/localhost_3319"
		Debug.AspNetCompiler.PhysicalPath = "..\..\..\Visual Studio 2013\WebSites\Day11\"
		Debug.AspNetCompiler.TargetPath = "PrecompiledWeb\localhost_3319\"
		Debug.AspNetCompiler.Updateable = "true"
		Debug.AspNetCompiler.ForceOverwrite = "true"
		Debug.AspNetCompiler.FixedNames = "false"
		Debug.AspNetCompiler.Debug = "True"
		Release.AspNetCompiler.VirtualPath = "/localhost_3319"
		Release.AspNetCompiler.PhysicalPath = "..\..\..\Visual Studio 2013\WebSites\Day11\"
		Release.AspNetCompiler.TargetPath = "PrecompiledWeb\localhost_3319\"
		Release.AspNetCompiler.Updateable = "true"
		Release.AspNetCompiler.ForceOverwrite = "true"
		Release.AspNetCompiler.FixedNames = "false"
		Release.AspNetCompiler.Debug = "False"
		SlnRelativePath = "..\..\..\Visual Studio 2013\WebSites\Day11\"
		DefaultWebSiteLanguage = "Visual C#"
	EndProjectSection
EndProject
Project("{E24C65DC-7377-472B-9ABA-BC803B73C61A}") = "NumberGuessing", "http://localhost:20721", "{4565FF9D-287F-471E-B766-E2A3240D9FDC}"
	ProjectSection(WebsiteProperties) = preProject
		UseIISExpress = "true"
		TargetFrameworkMoniker = ".NETFramework,Version%3Dv4.5"
		Debug.AspNetCompiler.VirtualPath = "/localhost_20721"
		Debug.AspNetCompiler.PhysicalPath = "..\..\..\Visual Studio 2013\WebSites\NumberGuessing\"
		Debug.AspNetCompiler.TargetPath = "PrecompiledWeb\localhost_20721\"
		Debug.AspNetCompiler.Updateable = "true"
		Debug.AspNetCompiler.ForceOverwrite = "true"
		Debug.AspNetCompiler.FixedNames = "false"
		Debug.AspNetCompiler.Debug = "True"
		Release.AspNetCompiler.VirtualPath = "/localhost_20721"
		Release.AspNetCompiler.PhysicalPath = "..\..\..\Visual Studio 2013\WebSites\NumberGuessing\"
		Release.AspNetCompiler.TargetPath = "PrecompiledWeb\localhost_20721\"
		Release.AspNetCompiler.Updateable = "true"
		Release.AspNetCompiler.ForceOverwrite = "true"
		Release.AspNetCompiler.FixedNames = "false"
		Release.AspNetCompiler.Debug = "False"
		SlnRelativePath = "..\..\..\Visual Studio 2013\WebSites\NumberGuessing\"
		DefaultWebSiteLanguage = "Visual C#"
	EndProjectSection
EndProject
Project("{E24C65DC-7377-472B-9ABA-BC803B73C61A}") = "htmlEvents", "http://localhost:32159", "{6C0B7ECB-0D77-4566-9DBE-48BC3A022AC9}"
	ProjectSection(WebsiteProperties) = preProject
		UseIISExpress = "true"
		TargetFrameworkMoniker = ".NETFramework,Version%3Dv4.5"
		Debug.AspNetCompiler.VirtualPath = "/localhost_32159"
		Debug.AspNetCompiler.PhysicalPath = "..\..\..\Visual Studio 2013\WebSites\htmlEvents\"
		Debug.AspNetCompiler.TargetPath = "PrecompiledWeb\localhost_32159\"
		Debug.AspNetCompiler.Updateable = "true"
		Debug.AspNetCompiler.ForceOverwrite = "true"
		Debug.AspNetCompiler.FixedNames = "false"
		Debug.AspNetCompiler.Debug = "True"
		Release.AspNetCompiler.VirtualPath = "/localhost_32159"
		Release.AspNetCompiler.PhysicalPath = "..\..\..\Visual Studio 2013\WebSites\htmlEvents\"
		Release.AspNetCompiler.TargetPath = "PrecompiledWeb\localhost_32159\"
		Release.AspNetCompiler.Updateable = "true"
		Release.AspNetCompiler.ForceOverwrite = "true"
		Release.AspNetCompiler.FixedNames = "false"
		Release.AspNetCompiler.Debug = "False"
		SlnRelativePath = "..\..\..\Visual Studio 2013\WebSites\htmlEvents\"
		DefaultWebSiteLanguage = "Visual C#"
	EndProjectSection
EndProject
Project("{E24C65DC-7377-472B-9ABA-BC803B73C61A}") = "Day12", "http://localhost:16631", "{B4B26BC3-39BD-4654-8028-4BCF895D202B}"
	ProjectSection(WebsiteProperties) = preProject
		UseIISExpress = "true"
		TargetFrameworkMoniker = ".NETFramework,Version%3Dv4.5"
		Debug.AspNetCompiler.VirtualPath = "/localhost_16631"
		Debug.AspNetCompiler.PhysicalPath = "..\..\..\Visual Studio 2013\WebSites\Day12\"
		Debug.AspNetCompiler.TargetPath = "PrecompiledWeb\localhost_16631\"
		Debug.AspNetCompiler.Updateable = "true"
		Debug.AspNetCompiler.ForceOverwrite = "true"
		Debug.AspNetCompiler.FixedNames = "false"
		Debug.AspNetCompiler.Debug = "True"
		Release.AspNetCompiler.VirtualPath = "/localhost_16631"
		Release.AspNetCompiler.PhysicalPath = "..\..\..\Visual Studio 2013\WebSites\Day12\"
		Release.AspNetCompiler.TargetPath = "PrecompiledWeb\localhost_16631\"
		Release.AspNetCompiler.Updateable = "true"
		Release.AspNetCompiler.ForceOverwrite = "true"
		Release.AspNetCompiler.FixedNames = "false"
		Release.AspNetCompiler.Debug = "False"
		SlnRelativePath = "..\..\..\Visual Studio 2013\WebSites\Day12\"
		DefaultWebSiteLanguage = "Visual C#"
	EndProjectSection
EndProject
Project("{E24C65DC-7377-472B-9ABA-BC803B73C61A}") = "Day13", "http://localhost:1268", "{D3215CF0-54EC-46B5-B518-7B2ACD26F542}"
	ProjectSection(WebsiteProperties) = preProject
		UseIISExpress = "true"
		TargetFrameworkMoniker = ".NETFramework,Version%3Dv4.5"
		Debug.AspNetCompiler.VirtualPath = "/localhost_1268"
		Debug.AspNetCompiler.PhysicalPath = "..\..\..\Visual Studio 2013\WebSites\Day13\"
		Debug.AspNetCompiler.TargetPath = "PrecompiledWeb\localhost_1268\"
		Debug.AspNetCompiler.Updateable = "true"
		Debug.AspNetCompiler.ForceOverwrite = "true"
		Debug.AspNetCompiler.FixedNames = "false"
		Debug.AspNetCompiler.Debug = "True"
		Release.AspNetCompiler.VirtualPath = "/localhost_1268"
		Release.AspNetCompiler.PhysicalPath = "..\..\..\Visual Studio 2013\WebSites\Day13\"
		Release.AspNetCompiler.TargetPath = "PrecompiledWeb\localhost_1268\"
		Release.AspNetCompiler.Updateable = "true"
		Release.AspNetCompiler.ForceOverwrite = "true"
		Release.AspNetCompiler.FixedNames = "false"
		Release.AspNetCompiler.Debug = "False"
		SlnRelativePath = "..\..\..\Visual Studio 2013\WebSites\Day13\"
		DefaultWebSiteLanguage = "Visual C#"
	EndProjectSection
EndProject
Project("{E24C65DC-7377-472B-9ABA-BC803B73C61A}") = "Day14", "http://localhost:1756", "{A7EE7E56-937B-48BF-BCD5-C8466A6C3368}"
	ProjectSection(WebsiteProperties) = preProject
		UseIISExpress = "true"
		TargetFrameworkMoniker = ".NETFramework,Version%3Dv4.5"
		Debug.AspNetCompiler.VirtualPath = "/localhost_1756"
		Debug.AspNetCompiler.PhysicalPath = "..\..\..\Visual Studio 2013\WebSites\Day14\"
		Debug.AspNetCompiler.TargetPath = "PrecompiledWeb\localhost_1756\"
		Debug.AspNetCompiler.Updateable = "true"
		Debug.AspNetCompiler.ForceOverwrite = "true"
		Debug.AspNetCompiler.FixedNames = "false"
		Debug.AspNetCompiler.Debug = "True"
		Release.AspNetCompiler.VirtualPath = "/localhost_1756"
		Release.AspNetCompiler.PhysicalPath = "..\..\..\Visual Studio 2013\WebSites\Day14\"
		Release.AspNetCompiler.TargetPath = "PrecompiledWeb\localhost_1756\"
		Release.AspNetCompiler.Updateable = "true"
		Release.AspNetCompiler.ForceOverwrite = "true"
		Release.AspNetCompiler.FixedNames = "false"
		Release.AspNetCompiler.Debug = "False"
		SlnRelativePath = "..\..\..\Visual Studio 2013\WebSites\Day14\"
		DefaultWebSiteLanguage = "Visual C#"
	EndProjectSection
EndProject
Project("{E24C65DC-7377-472B-9ABA-BC803B73C61A}") = "Day15", "http://localhost:7537", "{1444794C-6D51-4C07-A699-D799981AF21E}"
	ProjectSection(WebsiteProperties) = preProject
		UseIISExpress = "true"
		TargetFrameworkMoniker = ".NETFramework,Version%3Dv4.5"
		Debug.AspNetCompiler.VirtualPath = "/localhost_7537"
		Debug.AspNetCompiler.PhysicalPath = "..\..\..\Visual Studio 2013\WebSites\Day15\"
		Debug.AspNetCompiler.TargetPath = "PrecompiledWeb\localhost_7537\"
		Debug.AspNetCompiler.Updateable = "true"
		Debug.AspNetCompiler.ForceOverwrite = "true"
		Debug.AspNetCompiler.FixedNames = "false"
		Debug.AspNetCompiler.Debug = "True"
		Release.AspNetCompiler.VirtualPath = "/localhost_7537"
		Release.AspNetCompiler.PhysicalPath = "..\..\..\Visual Studio 2013\WebSites\Day15\"
		Release.AspNetCompiler.TargetPath = "PrecompiledWeb\localhost_7537\"
		Release.AspNetCompiler.Updateable = "true"
		Release.AspNetCompiler.ForceOverwrite = "true"
		Release.AspNetCompiler.FixedNames = "false"
		Release.AspNetCompiler.Debug = "False"
		SlnRelativePath = "..\..\..\Visual Studio 2013\WebSites\Day15\"
		DefaultWebSiteLanguage = "Visual C#"
	EndProjectSection
EndProject
Global
	GlobalSection(SolutionConfigurationPlatforms) = preSolution
		Debug|Any CPU = Debug|Any CPU
		Release|Any CPU = Release|Any CPU
	EndGlobalSection
	GlobalSection(ProjectConfigurationPlatforms) = postSolution
		{91F11C0A-72A5-4CC5-8DDF-7555528AD262}.Debug|Any CPU.ActiveCfg = Debug|Any CPU
		{91F11C0A-72A5-4CC5-8DDF-7555528AD262}.Debug|Any CPU.Build.0 = Debug|Any CPU
		{91F11C0A-72A5-4CC5-8DDF-7555528AD262}.Release|Any CPU.ActiveCfg = Release|Any CPU
		{91F11C0A-72A5-4CC5-8DDF-7555528AD262}.Release|Any CPU.Build.0 = Release|Any CPU
		{ACF76204-06F9-4D60-80FC-C9302C4096E5}.Debug|Any CPU.ActiveCfg = Debug|Any CPU
		{ACF76204-06F9-4D60-80FC-C9302C4096E5}.Debug|Any CPU.Build.0 = Debug|Any CPU
		{ACF76204-06F9-4D60-80FC-C9302C4096E5}.Release|Any CPU.ActiveCfg = Debug|Any CPU
		{ACF76204-06F9-4D60-80FC-C9302C4096E5}.Release|Any CPU.Build.0 = Debug|Any CPU
		{61DEC9BE-0928-4902-AF3C-299F54925359}.Debug|Any CPU.ActiveCfg = Debug|Any CPU
		{61DEC9BE-0928-4902-AF3C-299F54925359}.Debug|Any CPU.Build.0 = Debug|Any CPU
		{61DEC9BE-0928-4902-AF3C-299F54925359}.Release|Any CPU.ActiveCfg = Debug|Any CPU
		{61DEC9BE-0928-4902-AF3C-299F54925359}.Release|Any CPU.Build.0 = Debug|Any CPU
		{40C52E46-5CB1-4140-9D49-EC41735C10E9}.Debug|Any CPU.ActiveCfg = Debug|Any CPU
		{40C52E46-5CB1-4140-9D49-EC41735C10E9}.Debug|Any CPU.Build.0 = Debug|Any CPU
		{40C52E46-5CB1-4140-9D49-EC41735C10E9}.Release|Any CPU.ActiveCfg = Debug|Any CPU
		{40C52E46-5CB1-4140-9D49-EC41735C10E9}.Release|Any CPU.Build.0 = Debug|Any CPU
		{2C3D4349-C0B1-4691-9BD4-A3D782A8472D}.Debug|Any CPU.ActiveCfg = Debug|Any CPU
		{2C3D4349-C0B1-4691-9BD4-A3D782A8472D}.Debug|Any CPU.Build.0 = Debug|Any CPU
		{2C3D4349-C0B1-4691-9BD4-A3D782A8472D}.Release|Any CPU.ActiveCfg = Debug|Any CPU
		{2C3D4349-C0B1-4691-9BD4-A3D782A8472D}.Release|Any CPU.Build.0 = Debug|Any CPU
		{ADF6A05C-F0D1-4125-A023-C141A48E1945}.Debug|Any CPU.ActiveCfg = Debug|Any CPU
		{ADF6A05C-F0D1-4125-A023-C141A48E1945}.Debug|Any CPU.Build.0 = Debug|Any CPU
		{ADF6A05C-F0D1-4125-A023-C141A48E1945}.Release|Any CPU.ActiveCfg = Debug|Any CPU
		{ADF6A05C-F0D1-4125-A023-C141A48E1945}.Release|Any CPU.Build.0 = Debug|Any CPU
		{EB846155-D33A-48EE-ACCC-A2DD0AA90B9E}.Debug|Any CPU.ActiveCfg = Debug|Any CPU
		{EB846155-D33A-48EE-ACCC-A2DD0AA90B9E}.Debug|Any CPU.Build.0 = Debug|Any CPU
		{EB846155-D33A-48EE-ACCC-A2DD0AA90B9E}.Release|Any CPU.ActiveCfg = Debug|Any CPU
		{EB846155-D33A-48EE-ACCC-A2DD0AA90B9E}.Release|Any CPU.Build.0 = Debug|Any CPU
		{0998FDB7-D363-4586-A492-EF3C29BBFD30}.Debug|Any CPU.ActiveCfg = Debug|Any CPU
		{0998FDB7-D363-4586-A492-EF3C29BBFD30}.Debug|Any CPU.Build.0 = Debug|Any CPU
		{0998FDB7-D363-4586-A492-EF3C29BBFD30}.Release|Any CPU.ActiveCfg = Debug|Any CPU
		{0998FDB7-D363-4586-A492-EF3C29BBFD30}.Release|Any CPU.Build.0 = Debug|Any CPU
		{AE3F3497-B381-48D8-A9BB-7FA5177A84CC}.Debug|Any CPU.ActiveCfg = Debug|Any CPU
		{AE3F3497-B381-48D8-A9BB-7FA5177A84CC}.Debug|Any CPU.Build.0 = Debug|Any CPU
		{AE3F3497-B381-48D8-A9BB-7FA5177A84CC}.Release|Any CPU.ActiveCfg = Debug|Any CPU
		{AE3F3497-B381-48D8-A9BB-7FA5177A84CC}.Release|Any CPU.Build.0 = Debug|Any CPU
		{04778278-E276-4B9A-BDED-EA5680B7D826}.Debug|Any CPU.ActiveCfg = Debug|Any CPU
		{04778278-E276-4B9A-BDED-EA5680B7D826}.Debug|Any CPU.Build.0 = Debug|Any CPU
		{04778278-E276-4B9A-BDED-EA5680B7D826}.Release|Any CPU.ActiveCfg = Debug|Any CPU
		{04778278-E276-4B9A-BDED-EA5680B7D826}.Release|Any CPU.Build.0 = Debug|Any CPU
		{06B0A24E-D7AE-409A-AADD-4840DAD84527}.Debug|Any CPU.ActiveCfg = Debug|Any CPU
		{06B0A24E-D7AE-409A-AADD-4840DAD84527}.Debug|Any CPU.Build.0 = Debug|Any CPU
		{06B0A24E-D7AE-409A-AADD-4840DAD84527}.Release|Any CPU.ActiveCfg = Debug|Any CPU
		{06B0A24E-D7AE-409A-AADD-4840DAD84527}.Release|Any CPU.Build.0 = Debug|Any CPU
		{4565FF9D-287F-471E-B766-E2A3240D9FDC}.Debug|Any CPU.ActiveCfg = Debug|Any CPU
		{4565FF9D-287F-471E-B766-E2A3240D9FDC}.Debug|Any CPU.Build.0 = Debug|Any CPU
		{4565FF9D-287F-471E-B766-E2A3240D9FDC}.Release|Any CPU.ActiveCfg = Debug|Any CPU
		{4565FF9D-287F-471E-B766-E2A3240D9FDC}.Release|Any CPU.Build.0 = Debug|Any CPU
		{6C0B7ECB-0D77-4566-9DBE-48BC3A022AC9}.Debug|Any CPU.ActiveCfg = Debug|Any CPU
		{6C0B7ECB-0D77-4566-9DBE-48BC3A022AC9}.Debug|Any CPU.Build.0 = Debug|Any CPU
		{6C0B7ECB-0D77-4566-9DBE-48BC3A022AC9}.Release|Any CPU.ActiveCfg = Debug|Any CPU
		{6C0B7ECB-0D77-4566-9DBE-48BC3A022AC9}.Release|Any CPU.Build.0 = Debug|Any CPU
		{B4B26BC3-39BD-4654-8028-4BCF895D202B}.Debug|Any CPU.ActiveCfg = Debug|Any CPU
		{B4B26BC3-39BD-4654-8028-4BCF895D202B}.Debug|Any CPU.Build.0 = Debug|Any CPU
		{B4B26BC3-39BD-4654-8028-4BCF895D202B}.Release|Any CPU.ActiveCfg = Debug|Any CPU
		{B4B26BC3-39BD-4654-8028-4BCF895D202B}.Release|Any CPU.Build.0 = Debug|Any CPU
		{D3215CF0-54EC-46B5-B518-7B2ACD26F542}.Debug|Any CPU.ActiveCfg = Debug|Any CPU
		{D3215CF0-54EC-46B5-B518-7B2ACD26F542}.Debug|Any CPU.Build.0 = Debug|Any CPU
		{D3215CF0-54EC-46B5-B518-7B2ACD26F542}.Release|Any CPU.ActiveCfg = Debug|Any CPU
		{D3215CF0-54EC-46B5-B518-7B2ACD26F542}.Release|Any CPU.Build.0 = Debug|Any CPU
		{A7EE7E56-937B-48BF-BCD5-C8466A6C3368}.Debug|Any CPU.ActiveCfg = Debug|Any CPU
		{A7EE7E56-937B-48BF-BCD5-C8466A6C3368}.Debug|Any CPU.Build.0 = Debug|Any CPU
		{A7EE7E56-937B-48BF-BCD5-C8466A6C3368}.Release|Any CPU.ActiveCfg = Debug|Any CPU
		{A7EE7E56-937B-48BF-BCD5-C8466A6C3368}.Release|Any CPU.Build.0 = Debug|Any CPU
		{1444794C-6D51-4C07-A699-D799981AF21E}.Debug|Any CPU.ActiveCfg = Debug|Any CPU
		{1444794C-6D51-4C07-A699-D799981AF21E}.Debug|Any CPU.Build.0 = Debug|Any CPU
		{1444794C-6D51-4C07-A699-D799981AF21E}.Release|Any CPU.ActiveCfg = Debug|Any CPU
		{1444794C-6D51-4C07-A699-D799981AF21E}.Release|Any CPU.Build.0 = Debug|Any CPU
	EndGlobalSection
	GlobalSection(SolutionProperties) = preSolution
		HideSolutionNode = FALSE
	EndGlobalSection
EndGlobal
